
Microsoft Visual Studio Solution File, Format Version 12.00
# Visual Studio Version 17
VisualStudioVersion = 17.1.32210.238
MinimumVisualStudioVersion = 10.0.40219.1
Project("{FAE04EC0-301F-11D3-BF4B-00C04F79EFBC}") = "baza_figur_1", "baza_figur_1.csproj", "{9165D3B4-92EB-48CA-BAA7-9BF322EB6A0F}"
EndProject
Global
	GlobalSection(SolutionConfigurationPlatforms) = preSolution
		Debug|Any CPU = Debug|Any CPU
		Release|Any CPU = Release|Any CPU
	EndGlobalSection
	GlobalSection(ProjectConfigurationPlatforms) = postSolution
		{9165D3B4-92EB-48CA-BAA7-9BF322EB6A0F}.Debug|Any CPU.ActiveCfg = Debug|Any CPU
		{9165D3B4-92EB-48CA-BAA7-9BF322EB6A0F}.Debug|Any CPU.Build.0 = Debug|Any CPU
		{9165D3B4-92EB-48CA-BAA7-9BF322EB6A0F}.Release|Any CPU.ActiveCfg = Release|Any CPU
		{9165D3B4-92EB-48CA-BAA7-9BF322EB6A0F}.Release|Any CPU.Build.0 = Release|Any CPU
	EndGlobalSection
	GlobalSection(SolutionProperties) = preSolution
		HideSolutionNode = FALSE
	EndGlobalSection
	GlobalSection(ExtensibilityGlobals) = postSolution
		SolutionGuid = {AD286ED1-46AC-4635-8398-6B89FBF82540}
	EndGlobalSection
EndGlobal
